
Microsoft Visual Studio Solution File, Format Version 12.00
# Visual Studio Version 16
VisualStudioVersion = 16.0.30114.105
MinimumVisualStudioVersion = 10.0.40219.1
Project("{9A19103F-16F7-4668-BE54-9A1E7A4F7556}") = "Publisher", "RabbitMQ.Publisher\Publisher.csproj", "{E52CF209-877D-4302-BBE6-1AD39E18918B}"
EndProject
Project("{9A19103F-16F7-4668-BE54-9A1E7A4F7556}") = "Consumer", "RabbitMQ.Consumer\Consumer.csproj", "{FF01CEF5-32DB-44C6-9ACF-2BC95D624A87}"
EndProject
Global
	GlobalSection(SolutionConfigurationPlatforms) = preSolution
		Debug|Any CPU = Debug|Any CPU
		Release|Any CPU = Release|Any CPU
	EndGlobalSection
	GlobalSection(ProjectConfigurationPlatforms) = postSolution
		{E52CF209-877D-4302-BBE6-1AD39E18918B}.Debug|Any CPU.ActiveCfg = Debug|Any CPU
		{E52CF209-877D-4302-BBE6-1AD39E18918B}.Debug|Any CPU.Build.0 = Debug|Any CPU
		{E52CF209-877D-4302-BBE6-1AD39E18918B}.Release|Any CPU.ActiveCfg = Release|Any CPU
		{E52CF209-877D-4302-BBE6-1AD39E18918B}.Release|Any CPU.Build.0 = Release|Any CPU
		{FF01CEF5-32DB-44C6-9ACF-2BC95D624A87}.Debug|Any CPU.ActiveCfg = Debug|Any CPU
		{FF01CEF5-32DB-44C6-9ACF-2BC95D624A87}.Debug|Any CPU.Build.0 = Debug|Any CPU
		{FF01CEF5-32DB-44C6-9ACF-2BC95D624A87}.Release|Any CPU.ActiveCfg = Release|Any CPU
		{FF01CEF5-32DB-44C6-9ACF-2BC95D624A87}.Release|Any CPU.Build.0 = Release|Any CPU
	EndGlobalSection
	GlobalSection(SolutionProperties) = preSolution
		HideSolutionNode = FALSE
	EndGlobalSection
	GlobalSection(ExtensibilityGlobals) = postSolution
		SolutionGuid = {6DADE164-4DA7-4770-8DD0-8893A16A50F6}
	EndGlobalSection
EndGlobal
